
Microsoft Visual Studio Solution File, Format Version 12.00
# Visual Studio Version 16
VisualStudioVersion = 16.0.30002.166
MinimumVisualStudioVersion = 10.0.40219.1
Project("{FAE04EC0-301F-11D3-BF4B-00C04F79EFBC}") = "DemoFormApp", "DemoFormApp\DemoFormApp.csproj", "{F92F0ACD-F8FC-4653-B58B-EEC96C4C30E2}"
EndProject
Global
	GlobalSection(SolutionConfigurationPlatforms) = preSolution
		Debug|Any CPU = Debug|Any CPU
		Release|Any CPU = Release|Any CPU
	EndGlobalSection
	GlobalSection(ProjectConfigurationPlatforms) = postSolution
		{F92F0ACD-F8FC-4653-B58B-EEC96C4C30E2}.Debug|Any CPU.ActiveCfg = Debug|Any CPU
		{F92F0ACD-F8FC-4653-B58B-EEC96C4C30E2}.Debug|Any CPU.Build.0 = Debug|Any CPU
		{F92F0ACD-F8FC-4653-B58B-EEC96C4C30E2}.Release|Any CPU.ActiveCfg = Release|Any CPU
		{F92F0ACD-F8FC-4653-B58B-EEC96C4C30E2}.Release|Any CPU.Build.0 = Release|Any CPU
	EndGlobalSection
	GlobalSection(SolutionProperties) = preSolution
		HideSolutionNode = FALSE
	EndGlobalSection
	GlobalSection(ExtensibilityGlobals) = postSolution
		SolutionGuid = {1274E8F3-85E8-48F0-9AF8-F90A5EE1D0ED}
	EndGlobalSection
EndGlobal
